
Microsoft Visual Studio Solution File, Format Version 12.00
# Visual Studio 2012
Project("{FAE04EC0-301F-11D3-BF4B-00C04F79EFBC}") = "Ex1", "Ex1\Ex1.csproj", "{FC41B287-9BDD-4B7F-B0AF-155E9C640E50}"
EndProject
Global
	GlobalSection(SolutionConfigurationPlatforms) = preSolution
		Debug|Any CPU = Debug|Any CPU
		Release|Any CPU = Release|Any CPU
	EndGlobalSection
	GlobalSection(ProjectConfigurationPlatforms) = postSolution
		{FC41B287-9BDD-4B7F-B0AF-155E9C640E50}.Debug|Any CPU.ActiveCfg = Debug|Any CPU
		{FC41B287-9BDD-4B7F-B0AF-155E9C640E50}.Debug|Any CPU.Build.0 = Debug|Any CPU
		{FC41B287-9BDD-4B7F-B0AF-155E9C640E50}.Release|Any CPU.ActiveCfg = Release|Any CPU
		{FC41B287-9BDD-4B7F-B0AF-155E9C640E50}.Release|Any CPU.Build.0 = Release|Any CPU
	EndGlobalSection
	GlobalSection(SolutionProperties) = preSolution
		HideSolutionNode = FALSE
	EndGlobalSection
EndGlobal
